
Microsoft Visual Studio Solution File, Format Version 12.00
# Visual Studio Version 17
VisualStudioVersion = 17.0.32112.339
MinimumVisualStudioVersion = 10.0.40219.1
Project("{FAE04EC0-301F-11D3-BF4B-00C04F79EFBC}") = "PaymentCard.API", "PaymentCard.API\PaymentCard.API.csproj", "{80371DF6-3D89-4D02-AED7-B16BC721E47D}"
EndProject
Project("{FAE04EC0-301F-11D3-BF4B-00C04F79EFBC}") = "PaymentCard.Application", "PaymentCard.Application\PaymentCard.Application.csproj", "{4930D6E0-769F-4D4F-B592-5239E69A9B11}"
EndProject
Project("{FAE04EC0-301F-11D3-BF4B-00C04F79EFBC}") = "PaymentCard.Domain", "PaymentCard.Domain\PaymentCard.Domain.csproj", "{23DAF6E2-9805-4334-85DA-3D713A2B4ED3}"
EndProject
Project("{FAE04EC0-301F-11D3-BF4B-00C04F79EFBC}") = "PaymentCard.Infrastructure", "PaymentCard.Infrastructure\PaymentCard.Infrastructure.csproj", "{F625C3CE-5367-4C77-997F-D050CC87CC32}"
EndProject
Global
	GlobalSection(SolutionConfigurationPlatforms) = preSolution
		Debug|Any CPU = Debug|Any CPU
		Release|Any CPU = Release|Any CPU
	EndGlobalSection
	GlobalSection(ProjectConfigurationPlatforms) = postSolution
		{80371DF6-3D89-4D02-AED7-B16BC721E47D}.Debug|Any CPU.ActiveCfg = Debug|Any CPU
		{80371DF6-3D89-4D02-AED7-B16BC721E47D}.Debug|Any CPU.Build.0 = Debug|Any CPU
		{80371DF6-3D89-4D02-AED7-B16BC721E47D}.Release|Any CPU.ActiveCfg = Release|Any CPU
		{80371DF6-3D89-4D02-AED7-B16BC721E47D}.Release|Any CPU.Build.0 = Release|Any CPU
		{4930D6E0-769F-4D4F-B592-5239E69A9B11}.Debug|Any CPU.ActiveCfg = Debug|Any CPU
		{4930D6E0-769F-4D4F-B592-5239E69A9B11}.Debug|Any CPU.Build.0 = Debug|Any CPU
		{4930D6E0-769F-4D4F-B592-5239E69A9B11}.Release|Any CPU.ActiveCfg = Release|Any CPU
		{4930D6E0-769F-4D4F-B592-5239E69A9B11}.Release|Any CPU.Build.0 = Release|Any CPU
		{23DAF6E2-9805-4334-85DA-3D713A2B4ED3}.Debug|Any CPU.ActiveCfg = Debug|Any CPU
		{23DAF6E2-9805-4334-85DA-3D713A2B4ED3}.Debug|Any CPU.Build.0 = Debug|Any CPU
		{23DAF6E2-9805-4334-85DA-3D713A2B4ED3}.Release|Any CPU.ActiveCfg = Release|Any CPU
		{23DAF6E2-9805-4334-85DA-3D713A2B4ED3}.Release|Any CPU.Build.0 = Release|Any CPU
		{F625C3CE-5367-4C77-997F-D050CC87CC32}.Debug|Any CPU.ActiveCfg = Debug|Any CPU
		{F625C3CE-5367-4C77-997F-D050CC87CC32}.Debug|Any CPU.Build.0 = Debug|Any CPU
		{F625C3CE-5367-4C77-997F-D050CC87CC32}.Release|Any CPU.ActiveCfg = Release|Any CPU
		{F625C3CE-5367-4C77-997F-D050CC87CC32}.Release|Any CPU.Build.0 = Release|Any CPU
	EndGlobalSection
	GlobalSection(SolutionProperties) = preSolution
		HideSolutionNode = FALSE
	EndGlobalSection
	GlobalSection(ExtensibilityGlobals) = postSolution
		SolutionGuid = {66BC1FA9-9C7D-4F3E-8627-59EFF713B62F}
	EndGlobalSection
EndGlobal
